
Microsoft Visual Studio Solution File, Format Version 12.00
# Visual Studio Version 16
VisualStudioVersion = 16.0.30517.126
MinimumVisualStudioVersion = 10.0.40219.1
Project("{9A19103F-16F7-4668-BE54-9A1E7A4F7556}") = "lab3", "lab3\lab3.csproj", "{EC931E37-7F81-40FE-889D-61C7A25E86FA}"
EndProject
Project("{9A19103F-16F7-4668-BE54-9A1E7A4F7556}") = "AssemblyBrowserLib", "AssemblyBrowserLib\AssemblyBrowserLib.csproj", "{EDDBE11A-955C-4740-BE69-D213B5F87C05}"
EndProject
Project("{FAE04EC0-301F-11D3-BF4B-00C04F79EFBC}") = "Tests", "Tests\Tests.csproj", "{0A28ACE6-A1EA-4483-8960-CB61AC52FE2C}"
EndProject
Global
	GlobalSection(SolutionConfigurationPlatforms) = preSolution
		Debug|Any CPU = Debug|Any CPU
		Release|Any CPU = Release|Any CPU
	EndGlobalSection
	GlobalSection(ProjectConfigurationPlatforms) = postSolution
		{EC931E37-7F81-40FE-889D-61C7A25E86FA}.Debug|Any CPU.ActiveCfg = Debug|Any CPU
		{EC931E37-7F81-40FE-889D-61C7A25E86FA}.Debug|Any CPU.Build.0 = Debug|Any CPU
		{EC931E37-7F81-40FE-889D-61C7A25E86FA}.Release|Any CPU.ActiveCfg = Release|Any CPU
		{EC931E37-7F81-40FE-889D-61C7A25E86FA}.Release|Any CPU.Build.0 = Release|Any CPU
		{EDDBE11A-955C-4740-BE69-D213B5F87C05}.Debug|Any CPU.ActiveCfg = Debug|Any CPU
		{EDDBE11A-955C-4740-BE69-D213B5F87C05}.Debug|Any CPU.Build.0 = Debug|Any CPU
		{EDDBE11A-955C-4740-BE69-D213B5F87C05}.Release|Any CPU.ActiveCfg = Release|Any CPU
		{EDDBE11A-955C-4740-BE69-D213B5F87C05}.Release|Any CPU.Build.0 = Release|Any CPU
		{0A28ACE6-A1EA-4483-8960-CB61AC52FE2C}.Debug|Any CPU.ActiveCfg = Debug|Any CPU
		{0A28ACE6-A1EA-4483-8960-CB61AC52FE2C}.Debug|Any CPU.Build.0 = Debug|Any CPU
		{0A28ACE6-A1EA-4483-8960-CB61AC52FE2C}.Release|Any CPU.ActiveCfg = Release|Any CPU
		{0A28ACE6-A1EA-4483-8960-CB61AC52FE2C}.Release|Any CPU.Build.0 = Release|Any CPU
	EndGlobalSection
	GlobalSection(SolutionProperties) = preSolution
		HideSolutionNode = FALSE
	EndGlobalSection
	GlobalSection(ExtensibilityGlobals) = postSolution
		SolutionGuid = {F39EB542-BFD4-45A0-A50F-62264D7E09CF}
	EndGlobalSection
EndGlobal
